
Microsoft Visual Studio Solution File, Format Version 12.00
# Visual Studio Version 16
VisualStudioVersion = 16.0.31005.135
MinimumVisualStudioVersion = 10.0.40219.1
Project("{FAE04EC0-301F-11D3-BF4B-00C04F79EFBC}") = "RiskGameTracker.Android", "RiskGameTracker\RiskGameTracker.Android\RiskGameTracker.Android.csproj", "{837D4D8F-BCC1-40D9-9A87-7F8248A1901D}"
EndProject
Project("{FAE04EC0-301F-11D3-BF4B-00C04F79EFBC}") = "RiskGameTracker", "RiskGameTracker\RiskGameTracker\RiskGameTracker.csproj", "{5197BB83-8975-4C33-87AC-942A6F813D0A}"
EndProject
Project("{FAE04EC0-301F-11D3-BF4B-00C04F79EFBC}") = "RiskGameTracker.Library", "RiskGameTracker.Library\RiskGameTracker.Library.csproj", "{29E6CF85-49BE-4E79-B4CB-CD306B744BA2}"
EndProject
Global
	GlobalSection(SolutionConfigurationPlatforms) = preSolution
		Debug|Any CPU = Debug|Any CPU
		Release|Any CPU = Release|Any CPU
	EndGlobalSection
	GlobalSection(ProjectConfigurationPlatforms) = postSolution
		{837D4D8F-BCC1-40D9-9A87-7F8248A1901D}.Debug|Any CPU.ActiveCfg = Debug|Any CPU
		{837D4D8F-BCC1-40D9-9A87-7F8248A1901D}.Debug|Any CPU.Build.0 = Debug|Any CPU
		{837D4D8F-BCC1-40D9-9A87-7F8248A1901D}.Debug|Any CPU.Deploy.0 = Debug|Any CPU
		{837D4D8F-BCC1-40D9-9A87-7F8248A1901D}.Release|Any CPU.ActiveCfg = Release|Any CPU
		{837D4D8F-BCC1-40D9-9A87-7F8248A1901D}.Release|Any CPU.Build.0 = Release|Any CPU
		{837D4D8F-BCC1-40D9-9A87-7F8248A1901D}.Release|Any CPU.Deploy.0 = Release|Any CPU
		{5197BB83-8975-4C33-87AC-942A6F813D0A}.Debug|Any CPU.ActiveCfg = Debug|Any CPU
		{5197BB83-8975-4C33-87AC-942A6F813D0A}.Debug|Any CPU.Build.0 = Debug|Any CPU
		{5197BB83-8975-4C33-87AC-942A6F813D0A}.Debug|Any CPU.Deploy.0 = Debug|Any CPU
		{5197BB83-8975-4C33-87AC-942A6F813D0A}.Release|Any CPU.ActiveCfg = Release|Any CPU
		{5197BB83-8975-4C33-87AC-942A6F813D0A}.Release|Any CPU.Build.0 = Release|Any CPU
		{5197BB83-8975-4C33-87AC-942A6F813D0A}.Release|Any CPU.Deploy.0 = Release|Any CPU
		{29E6CF85-49BE-4E79-B4CB-CD306B744BA2}.Debug|Any CPU.ActiveCfg = Debug|Any CPU
		{29E6CF85-49BE-4E79-B4CB-CD306B744BA2}.Debug|Any CPU.Build.0 = Debug|Any CPU
		{29E6CF85-49BE-4E79-B4CB-CD306B744BA2}.Release|Any CPU.ActiveCfg = Release|Any CPU
		{29E6CF85-49BE-4E79-B4CB-CD306B744BA2}.Release|Any CPU.Build.0 = Release|Any CPU
	EndGlobalSection
	GlobalSection(SolutionProperties) = preSolution
		HideSolutionNode = FALSE
	EndGlobalSection
	GlobalSection(ExtensibilityGlobals) = postSolution
		SolutionGuid = {2ABD6F95-863D-4BFC-AD08-F15E7B2330F1}
	EndGlobalSection
EndGlobal
