
Microsoft Visual Studio Solution File, Format Version 12.00
# Visual Studio Version 16
VisualStudioVersion = 16.0.31005.135
MinimumVisualStudioVersion = 10.0.40219.1
Project("{FAE04EC0-301F-11D3-BF4B-00C04F79EFBC}") = "RT_GUI.Android", "RT_GUI\RT_GUI.Android\RT_GUI.Android.csproj", "{5BDFD4E7-E4A1-4CB1-AF7D-F388B5FC8C64}"
EndProject
Project("{FAE04EC0-301F-11D3-BF4B-00C04F79EFBC}") = "RT_GUI", "RT_GUI\RT_GUI\RT_GUI.csproj", "{6C43134E-33A6-4702-B4D7-8E96C2EC20DB}"
EndProject
Global
	GlobalSection(SolutionConfigurationPlatforms) = preSolution
		Debug|Any CPU = Debug|Any CPU
		Release|Any CPU = Release|Any CPU
	EndGlobalSection
	GlobalSection(ProjectConfigurationPlatforms) = postSolution
		{5BDFD4E7-E4A1-4CB1-AF7D-F388B5FC8C64}.Debug|Any CPU.ActiveCfg = Debug|Any CPU
		{5BDFD4E7-E4A1-4CB1-AF7D-F388B5FC8C64}.Debug|Any CPU.Build.0 = Debug|Any CPU
		{5BDFD4E7-E4A1-4CB1-AF7D-F388B5FC8C64}.Debug|Any CPU.Deploy.0 = Debug|Any CPU
		{5BDFD4E7-E4A1-4CB1-AF7D-F388B5FC8C64}.Release|Any CPU.ActiveCfg = Release|Any CPU
		{5BDFD4E7-E4A1-4CB1-AF7D-F388B5FC8C64}.Release|Any CPU.Build.0 = Release|Any CPU
		{5BDFD4E7-E4A1-4CB1-AF7D-F388B5FC8C64}.Release|Any CPU.Deploy.0 = Release|Any CPU
		{6C43134E-33A6-4702-B4D7-8E96C2EC20DB}.Debug|Any CPU.ActiveCfg = Debug|Any CPU
		{6C43134E-33A6-4702-B4D7-8E96C2EC20DB}.Debug|Any CPU.Build.0 = Debug|Any CPU
		{6C43134E-33A6-4702-B4D7-8E96C2EC20DB}.Release|Any CPU.ActiveCfg = Release|Any CPU
		{6C43134E-33A6-4702-B4D7-8E96C2EC20DB}.Release|Any CPU.Build.0 = Release|Any CPU
	EndGlobalSection
	GlobalSection(SolutionProperties) = preSolution
		HideSolutionNode = FALSE
	EndGlobalSection
	GlobalSection(ExtensibilityGlobals) = postSolution
		SolutionGuid = {2ABD6F95-863D-4BFC-AD08-F15E7B2330F1}
	EndGlobalSection
EndGlobal
